
Microsoft Visual Studio Solution File, Format Version 12.00
# Visual Studio Version 16
VisualStudioVersion = 16.0.28803.156
MinimumVisualStudioVersion = 10.0.40219.1
Project("{D954291E-2A0B-460D-934E-DC6B0785DB48}") = "Assignment1", "Assignment1\Assignment1.shproj", "{5BE3986A-AA25-4BF2-B9D9-97A21D1A6725}"
EndProject
Global
	GlobalSection(SharedMSBuildProjectFiles) = preSolution
		Assignment1\Assignment1.projitems*{5be3986a-aa25-4bf2-b9d9-97a21d1a6725}*SharedItemsImports = 13
	EndGlobalSection
	GlobalSection(SolutionProperties) = preSolution
		HideSolutionNode = FALSE
	EndGlobalSection
	GlobalSection(ExtensibilityGlobals) = postSolution
		SolutionGuid = {46C254BA-6A8B-4056-8360-6C64926A7B97}
	EndGlobalSection
EndGlobal
